{
    "_readme": [
        "This file locks the dependencies of your project to a known state",
        "Read more about it at http://getcomposer.org/doc/01-basic-usage.md#composer-lock-the-lock-file"
    ],
    "hash": "7007c627abaf3a6e983fdc7c16131e36",
    "packages": [
        {
            "name": "firehed/daemon",
            "version": "dev-master",
            "source": {
                "type": "git",
                "url": "https://github.com/Firehed/php-daemon.git",
                "reference": "4ec7fdf8813b13d7c89eea2437639495876b4827"
            },
            "dist": {
                "type": "zip",
                "url": "https://api.github.com/repos/Firehed/php-daemon/zipball/4ec7fdf8813b13d7c89eea2437639495876b4827",
                "reference": "4ec7fdf8813b13d7c89eea2437639495876b4827",
                "shasum": ""
            },
            "require": {
                "ext-pcntl": "*",
                "ext-posix": "*",
                "php": ">=5.3.0"
            },
            "type": "library",
            "autoload": {
                "psr-0": {
                    "Firehed\\ProcessControl\\Daemon": "src/"
                }
            },
            "notification-url": "https://packagist.org/downloads/",
            "license": [
                "MIT"
            ],
            "description": "Turn a command-line script into a daemonized process",
            "time": "2013-07-10 08:27:27"
        },
        {
            "name": "psr/log",
            "version": "1.0.0",
            "source": {
                "type": "git",
                "url": "https://github.com/php-fig/log",
                "reference": "1.0.0"
            },
            "dist": {
                "type": "zip",
                "url": "https://github.com/php-fig/log/archive/1.0.0.zip",
                "reference": "1.0.0",
                "shasum": ""
            },
            "type": "library",
            "autoload": {
                "psr-0": {
                    "Psr\\Log\\": ""
                }
            },
            "notification-url": "https://packagist.org/downloads/",
            "license": [
                "MIT"
            ],
            "authors": [
                {
                    "name": "PHP-FIG",
                    "homepage": "http://www.php-fig.org/"
                }
            ],
            "description": "Common interface for logging libraries",
            "keywords": [
                "log",
                "psr",
                "psr-3"
            ],
            "time": "2012-12-21 11:40:51"
        }
    ],
    "packages-dev": [

    ],
    "aliases": [

    ],
    "minimum-stability": "stable",
    "stability-flags": {
        "firehed/daemon": 20
    },
    "platform": [

    ],
    "platform-dev": [

    ]
}
