{
    "_readme": [
        "This file locks the dependencies of your project to a known state",
        "Read more about it at http://getcomposer.org/doc/01-basic-usage.md#composer-lock-the-lock-file"
    ],
    "hash": "8e951e96d929b7164cd6cce4cd98cd45",
    "packages": [
        {
            "name": "firehed/daemon",
            "version": "dev-master",
            "source": {
                "type": "git",
                "url": "https://github.com/Firehed/php-daemon.git",
                "reference": "8736c6d13130fe846f9ab5f43523998beb98cb43"
            },
            "dist": {
                "type": "zip",
                "url": "https://api.github.com/repos/Firehed/php-daemon/zipball/8736c6d13130fe846f9ab5f43523998beb98cb43",
                "reference": "8736c6d13130fe846f9ab5f43523998beb98cb43",
                "shasum": ""
            },
            "type": "library",
            "autoload": {
                "psr-0": {
                    "Firehed": "src/"
                }
            },
            "notification-url": "https://packagist.org/downloads/",
            "license": [
                "MIT"
            ],
            "description": "Turn a command-line script into a daemonized process",
            "time": "2013-07-10 06:26:44"
        }
    ],
    "packages-dev": [

    ],
    "aliases": [

    ],
    "minimum-stability": "stable",
    "stability-flags": {
        "firehed/daemon": 20
    },
    "platform": [

    ],
    "platform-dev": [

    ]
}
